// !$*UTF8*$!
{
	archiveVersion = 1;
	classes = {
	};
	objectVersion = 54;
	objects = {

/* Begin PBXBuildFile section */
		00E356F31AD99517003FC87E /* funtionAppTests.m in Sources */ = {isa = PBXBuildFile; fileRef = 00E356F21AD99517003FC87E /* funtionAppTests.m */; };
		0C80B921A6F3F58F76C31292 /* libPods-funtionApp.a in Frameworks */ = {isa = PBXBuildFile; fileRef = 5DCACB8F33CDC322A6C60F78 /* libPods-funtionApp.a */; };
		13B07FBC1A68108700A75B9A /* AppDelegate.mm in Sources */ = {isa = PBXBuildFile; fileRef = 13B07FB01A68108700A75B9A /* AppDelegate.mm */; };
		13B07FBF1A68108700A75B9A /* Images.xcassets in Resources */ = {isa = PBXBuildFile; fileRef = 13B07FB51A68108700A75B9A /* Images.xcassets */; };
		13B07FC11A68108700A75B9A /* main.m in Sources */ = {isa = PBXBuildFile; fileRef = 13B07FB71A68108700A75B9A /* main.m */; };
		7699B88040F8A987B510C191 /* libPods-funtionApp-funtionAppTests.a in Frameworks */ = {isa = PBXBuildFile; fileRef = 19F6CBCC0A4E27FBF8BF4A61 /* libPods-funtionApp-funtionAppTests.a */; };
		81AB9BB82411601600AC10FF /* LaunchScreen.storyboard in Resources */ = {isa = PBXBuildFile; fileRef = 81AB9BB72411601600AC10FF /* LaunchScreen.storyboard */; };
		7D4E462467EE43EBBCEEC94B /* Inter-VariableFont_slnt,wght.ttf in Resources */ = {isa = PBXBuildFile; fileRef = 55E2C03B0C4B419EA5DE5DA8 /* Inter-VariableFont_slnt,wght.ttf */; };
		C099ADE3CA784CED8B88586F /* Inter-Black.ttf in Resources */ = {isa = PBXBuildFile; fileRef = FF2D5FA5D771436087D24944 /* Inter-Black.ttf */; };
		094ED8545B924D21BC8F8401 /* Inter-Bold.ttf in Resources */ = {isa = PBXBuildFile; fileRef = 891DECC1E021490A884BD077 /* Inter-Bold.ttf */; };
		84746972C9FE42D5A75F5D58 /* Inter-ExtraBold.ttf in Resources */ = {isa = PBXBuildFile; fileRef = 3F56A9D912224197AE741146 /* Inter-ExtraBold.ttf */; };
		02491884BA5A4A2998D26280 /* Inter-ExtraLight.ttf in Resources */ = {isa = PBXBuildFile; fileRef = 6133DAA0682548B1A0D01C61 /* Inter-ExtraLight.ttf */; };
		B6F848BDA4464B1295F13FBE /* Inter-Light.ttf in Resources */ = {isa = PBXBuildFile; fileRef = 22A1807913E04525A7F854D7 /* Inter-Light.ttf */; };
		596A69FF5CD4427E82F48854 /* Inter-Medium.ttf in Resources */ = {isa = PBXBuildFile; fileRef = C1A60863920844B880BB69C0 /* Inter-Medium.ttf */; };
		160B97AF007F409CAF534DCE /* Inter-Regular.ttf in Resources */ = {isa = PBXBuildFile; fileRef = 2A95CC4EE3424867ACD3B2F5 /* Inter-Regular.ttf */; };
		E1135D3EE72449ADA81D36A6 /* Inter-SemiBold.ttf in Resources */ = {isa = PBXBuildFile; fileRef = 59D83138722F455E98F9EE87 /* Inter-SemiBold.ttf */; };
		DE6240BF6D1A4B39B4C229A7 /* Inter-Thin.ttf in Resources */ = {isa = PBXBuildFile; fileRef = 102D4821F26D45C1A49F5303 /* Inter-Thin.ttf */; };
		12D79E31553749C1B606509D /* Roboto-Black.ttf in Resources */ = {isa = PBXBuildFile; fileRef = 4CBD07966F444731AECF933F /* Roboto-Black.ttf */; };
		5D439EFEADF8402CBCBDB35C /* Roboto-BlackItalic.ttf in Resources */ = {isa = PBXBuildFile; fileRef = DE48605DF4374082B9A097E7 /* Roboto-BlackItalic.ttf */; };
		B9E23A61177341C08AEFD8D0 /* Roboto-Bold.ttf in Resources */ = {isa = PBXBuildFile; fileRef = C7A5FA32E3344C55AFB9A3DF /* Roboto-Bold.ttf */; };
		B303366F51494938B484DF08 /* Roboto-BoldItalic.ttf in Resources */ = {isa = PBXBuildFile; fileRef = 8C459F00497D406E89DE8CC3 /* Roboto-BoldItalic.ttf */; };
		763C08EDC8034AD0AE90EE75 /* Roboto-Italic.ttf in Resources */ = {isa = PBXBuildFile; fileRef = E302FA7874C1494BB1F199E3 /* Roboto-Italic.ttf */; };
		77476CAF481D4F9B921E300C /* Roboto-Light.ttf in Resources */ = {isa = PBXBuildFile; fileRef = C998095EC5764A1B8EFFB60E /* Roboto-Light.ttf */; };
		D303CF6B64D9423D80CB5597 /* Roboto-LightItalic.ttf in Resources */ = {isa = PBXBuildFile; fileRef = 76A55C91D6D74B68BA8ADB3C /* Roboto-LightItalic.ttf */; };
		64D1C867E023470D8D755126 /* Roboto-Medium.ttf in Resources */ = {isa = PBXBuildFile; fileRef = BD4DC0A3971448FBACDB44E6 /* Roboto-Medium.ttf */; };
		D0689015379148EFBEC37A52 /* Roboto-MediumItalic.ttf in Resources */ = {isa = PBXBuildFile; fileRef = BDC173ABD24941838D5BC954 /* Roboto-MediumItalic.ttf */; };
		54164C9C3108491C8F9002BA /* Roboto-Regular.ttf in Resources */ = {isa = PBXBuildFile; fileRef = CF8BF668268241B3983FBBF5 /* Roboto-Regular.ttf */; };
		40911E345C6B4ECEB63EDE25 /* Roboto-Thin.ttf in Resources */ = {isa = PBXBuildFile; fileRef = E77DC0469F1B4D549B453515 /* Roboto-Thin.ttf */; };
		A1E1AF56F67140F1930E301E /* Roboto-ThinItalic.ttf in Resources */ = {isa = PBXBuildFile; fileRef = 5377DA496FBD43458FC7FE82 /* Roboto-ThinItalic.ttf */; };
		8948AEE844514950A06E0942 /* Inter-Black.ttf in Resources */ = {isa = PBXBuildFile; fileRef = 973F48A83BF5478E9C1AF718 /* Inter-Black.ttf */; };
		568099615CED48448A4FA434 /* Inter-Bold.ttf in Resources */ = {isa = PBXBuildFile; fileRef = 8AF506A920314EF6AD3CBC31 /* Inter-Bold.ttf */; };
		7C7D8D2FC05A40768AAB0907 /* Inter-ExtraBold.ttf in Resources */ = {isa = PBXBuildFile; fileRef = 6023FE33C516447CB9B37204 /* Inter-ExtraBold.ttf */; };
		FB2A2863FBBF43748768BD51 /* Inter-ExtraLight.ttf in Resources */ = {isa = PBXBuildFile; fileRef = CD0ECA2553074C9F80136BA2 /* Inter-ExtraLight.ttf */; };
		3CF0236FDE73421CBE88F36F /* Inter-Light.ttf in Resources */ = {isa = PBXBuildFile; fileRef = 24BBED714BD2445E837D2A25 /* Inter-Light.ttf */; };
		82E5C845E53740FEB552852E /* Inter-Medium.ttf in Resources */ = {isa = PBXBuildFile; fileRef = 1BABFB8056194B7DBDF56CFA /* Inter-Medium.ttf */; };
		FA4C0248A3DD4136B9CE6141 /* Inter-Regular.ttf in Resources */ = {isa = PBXBuildFile; fileRef = D30A9CA742D04D63A43F7F0C /* Inter-Regular.ttf */; };
		C17D5140657D49449763AE2D /* Inter-SemiBold.ttf in Resources */ = {isa = PBXBuildFile; fileRef = 407ACC769F7D4F80BD4C5CF8 /* Inter-SemiBold.ttf */; };
		0F3F7261AB1C4BB5A07C785B /* Inter-Thin.ttf in Resources */ = {isa = PBXBuildFile; fileRef = 4600288BC7F24B3DA98C4FB4 /* Inter-Thin.ttf */; };
		042E1EAF35CF4199A526CB28 /* Roboto-Black.ttf in Resources */ = {isa = PBXBuildFile; fileRef = 51C433FB9DE14F19BAFD7673 /* Roboto-Black.ttf */; };
		5A044631C1F94C288F491BEB /* Roboto-BlackItalic.ttf in Resources */ = {isa = PBXBuildFile; fileRef = 91907AD01A7346E1AFEB1003 /* Roboto-BlackItalic.ttf */; };
		3F99B930F3BE4578921F3A00 /* Roboto-Bold.ttf in Resources */ = {isa = PBXBuildFile; fileRef = 734785634C024E62B58629C2 /* Roboto-Bold.ttf */; };
		0FB317F34E554AEFB50A0E45 /* Roboto-BoldItalic.ttf in Resources */ = {isa = PBXBuildFile; fileRef = 62B6FB0D5E9A4F6BBE391A45 /* Roboto-BoldItalic.ttf */; };
		FEECC56EBF884437A8655977 /* Roboto-Italic.ttf in Resources */ = {isa = PBXBuildFile; fileRef = A3532703EF3542CC88D95FED /* Roboto-Italic.ttf */; };
		2203942CC7BC49108FC462E8 /* Roboto-Light.ttf in Resources */ = {isa = PBXBuildFile; fileRef = 8C6E70B7A4134547A1089232 /* Roboto-Light.ttf */; };
		B8225B730EAB47D19E691948 /* Roboto-LightItalic.ttf in Resources */ = {isa = PBXBuildFile; fileRef = 4533A83BFEBB4629A810246F /* Roboto-LightItalic.ttf */; };
		730A56AC70354332B3B49CDF /* Roboto-Medium.ttf in Resources */ = {isa = PBXBuildFile; fileRef = A852CB8F03E34E269B9EF0E0 /* Roboto-Medium.ttf */; };
		87FB3121A94D45DFA750E9C0 /* Roboto-MediumItalic.ttf in Resources */ = {isa = PBXBuildFile; fileRef = C2D1FFC1A6C84F6B92953B28 /* Roboto-MediumItalic.ttf */; };
		CDC0F9718A7D4BE5944CB60E /* Roboto-Regular.ttf in Resources */ = {isa = PBXBuildFile; fileRef = 2858667D804D428C93996729 /* Roboto-Regular.ttf */; };
		22158AE709914C9DBD4B9B0D /* Roboto-Thin.ttf in Resources */ = {isa = PBXBuildFile; fileRef = 4FFA79EDBA014138A9A378D8 /* Roboto-Thin.ttf */; };
		AB09E66FF1B14013A7453074 /* Roboto-ThinItalic.ttf in Resources */ = {isa = PBXBuildFile; fileRef = 204F7EDE88EC4325A3460DF9 /* Roboto-ThinItalic.ttf */; };
/* End PBXBuildFile section */

/* Begin PBXContainerItemProxy section */
		00E356F41AD99517003FC87E /* PBXContainerItemProxy */ = {
			isa = PBXContainerItemProxy;
			containerPortal = 83CBB9F71A601CBA00E9B192 /* Project object */;
			proxyType = 1;
			remoteGlobalIDString = 13B07F861A680F5B00A75B9A;
			remoteInfo = funtionApp;
		};
/* End PBXContainerItemProxy section */

/* Begin PBXFileReference section */
		00E356EE1AD99517003FC87E /* funtionAppTests.xctest */ = {isa = PBXFileReference; explicitFileType = wrapper.cfbundle; includeInIndex = 0; path = funtionAppTests.xctest; sourceTree = BUILT_PRODUCTS_DIR; };
		00E356F11AD99517003FC87E /* Info.plist */ = {isa = PBXFileReference; lastKnownFileType = text.plist.xml; path = Info.plist; sourceTree = "<group>"; };
		00E356F21AD99517003FC87E /* funtionAppTests.m */ = {isa = PBXFileReference; lastKnownFileType = sourcecode.c.objc; path = funtionAppTests.m; sourceTree = "<group>"; };
		13B07F961A680F5B00A75B9A /* funtionApp.app */ = {isa = PBXFileReference; explicitFileType = wrapper.application; includeInIndex = 0; path = funtionApp.app; sourceTree = BUILT_PRODUCTS_DIR; };
		13B07FAF1A68108700A75B9A /* AppDelegate.h */ = {isa = PBXFileReference; fileEncoding = 4; lastKnownFileType = sourcecode.c.h; name = AppDelegate.h; path = funtionApp/AppDelegate.h; sourceTree = "<group>"; };
		13B07FB01A68108700A75B9A /* AppDelegate.mm */ = {isa = PBXFileReference; fileEncoding = 4; lastKnownFileType = sourcecode.cpp.objcpp; name = AppDelegate.mm; path = funtionApp/AppDelegate.mm; sourceTree = "<group>"; };
		13B07FB51A68108700A75B9A /* Images.xcassets */ = {isa = PBXFileReference; lastKnownFileType = folder.assetcatalog; name = Images.xcassets; path = funtionApp/Images.xcassets; sourceTree = "<group>"; };
		13B07FB61A68108700A75B9A /* Info.plist */ = {isa = PBXFileReference; fileEncoding = 4; lastKnownFileType = text.plist.xml; name = Info.plist; path = funtionApp/Info.plist; sourceTree = "<group>"; };
		13B07FB71A68108700A75B9A /* main.m */ = {isa = PBXFileReference; fileEncoding = 4; lastKnownFileType = sourcecode.c.objc; name = main.m; path = funtionApp/main.m; sourceTree = "<group>"; };
		19F6CBCC0A4E27FBF8BF4A61 /* libPods-funtionApp-funtionAppTests.a */ = {isa = PBXFileReference; explicitFileType = archive.ar; includeInIndex = 0; path = "libPods-funtionApp-funtionAppTests.a"; sourceTree = BUILT_PRODUCTS_DIR; };
		3B4392A12AC88292D35C810B /* Pods-funtionApp.debug.xcconfig */ = {isa = PBXFileReference; includeInIndex = 1; lastKnownFileType = text.xcconfig; name = "Pods-funtionApp.debug.xcconfig"; path = "Target Support Files/Pods-funtionApp/Pods-funtionApp.debug.xcconfig"; sourceTree = "<group>"; };
		5709B34CF0A7D63546082F79 /* Pods-funtionApp.release.xcconfig */ = {isa = PBXFileReference; includeInIndex = 1; lastKnownFileType = text.xcconfig; name = "Pods-funtionApp.release.xcconfig"; path = "Target Support Files/Pods-funtionApp/Pods-funtionApp.release.xcconfig"; sourceTree = "<group>"; };
		5B7EB9410499542E8C5724F5 /* Pods-funtionApp-funtionAppTests.debug.xcconfig */ = {isa = PBXFileReference; includeInIndex = 1; lastKnownFileType = text.xcconfig; name = "Pods-funtionApp-funtionAppTests.debug.xcconfig"; path = "Target Support Files/Pods-funtionApp-funtionAppTests/Pods-funtionApp-funtionAppTests.debug.xcconfig"; sourceTree = "<group>"; };
		5DCACB8F33CDC322A6C60F78 /* libPods-funtionApp.a */ = {isa = PBXFileReference; explicitFileType = archive.ar; includeInIndex = 0; path = "libPods-funtionApp.a"; sourceTree = BUILT_PRODUCTS_DIR; };
		81AB9BB72411601600AC10FF /* LaunchScreen.storyboard */ = {isa = PBXFileReference; fileEncoding = 4; lastKnownFileType = file.storyboard; name = LaunchScreen.storyboard; path = funtionApp/LaunchScreen.storyboard; sourceTree = "<group>"; };
		89C6BE57DB24E9ADA2F236DE /* Pods-funtionApp-funtionAppTests.release.xcconfig */ = {isa = PBXFileReference; includeInIndex = 1; lastKnownFileType = text.xcconfig; name = "Pods-funtionApp-funtionAppTests.release.xcconfig"; path = "Target Support Files/Pods-funtionApp-funtionAppTests/Pods-funtionApp-funtionAppTests.release.xcconfig"; sourceTree = "<group>"; };
		ED297162215061F000B7C4FE /* JavaScriptCore.framework */ = {isa = PBXFileReference; lastKnownFileType = wrapper.framework; name = JavaScriptCore.framework; path = System/Library/Frameworks/JavaScriptCore.framework; sourceTree = SDKROOT; };
		55E2C03B0C4B419EA5DE5DA8 /* Inter-VariableFont_slnt,wght.ttf */ = {isa = PBXFileReference; name = "Inter-VariableFont_slnt,wght.ttf"; path = "../src/assetss/Fonts/Inter-VariableFont_slnt,wght.ttf"; sourceTree = "<group>"; fileEncoding = undefined; lastKnownFileType = unknown; explicitFileType = undefined; includeInIndex = 0; };
		FF2D5FA5D771436087D24944 /* Inter-Black.ttf */ = {isa = PBXFileReference; name = "Inter-Black.ttf"; path = "../src/assetss/Fonts/static/Inter-Black.ttf"; sourceTree = "<group>"; fileEncoding = undefined; lastKnownFileType = unknown; explicitFileType = undefined; includeInIndex = 0; };
		891DECC1E021490A884BD077 /* Inter-Bold.ttf */ = {isa = PBXFileReference; name = "Inter-Bold.ttf"; path = "../src/assetss/Fonts/static/Inter-Bold.ttf"; sourceTree = "<group>"; fileEncoding = undefined; lastKnownFileType = unknown; explicitFileType = undefined; includeInIndex = 0; };
		3F56A9D912224197AE741146 /* Inter-ExtraBold.ttf */ = {isa = PBXFileReference; name = "Inter-ExtraBold.ttf"; path = "../src/assetss/Fonts/static/Inter-ExtraBold.ttf"; sourceTree = "<group>"; fileEncoding = undefined; lastKnownFileType = unknown; explicitFileType = undefined; includeInIndex = 0; };
		6133DAA0682548B1A0D01C61 /* Inter-ExtraLight.ttf */ = {isa = PBXFileReference; name = "Inter-ExtraLight.ttf"; path = "../src/assetss/Fonts/static/Inter-ExtraLight.ttf"; sourceTree = "<group>"; fileEncoding = undefined; lastKnownFileType = unknown; explicitFileType = undefined; includeInIndex = 0; };
		22A1807913E04525A7F854D7 /* Inter-Light.ttf */ = {isa = PBXFileReference; name = "Inter-Light.ttf"; path = "../src/assetss/Fonts/static/Inter-Light.ttf"; sourceTree = "<group>"; fileEncoding = undefined; lastKnownFileType = unknown; explicitFileType = undefined; includeInIndex = 0; };
		C1A60863920844B880BB69C0 /* Inter-Medium.ttf */ = {isa = PBXFileReference; name = "Inter-Medium.ttf"; path = "../src/assetss/Fonts/static/Inter-Medium.ttf"; sourceTree = "<group>"; fileEncoding = undefined; lastKnownFileType = unknown; explicitFileType = undefined; includeInIndex = 0; };
		2A95CC4EE3424867ACD3B2F5 /* Inter-Regular.ttf */ = {isa = PBXFileReference; name = "Inter-Regular.ttf"; path = "../src/assetss/Fonts/static/Inter-Regular.ttf"; sourceTree = "<group>"; fileEncoding = undefined; lastKnownFileType = unknown; explicitFileType = undefined; includeInIndex = 0; };
		59D83138722F455E98F9EE87 /* Inter-SemiBold.ttf */ = {isa = PBXFileReference; name = "Inter-SemiBold.ttf"; path = "../src/assetss/Fonts/static/Inter-SemiBold.ttf"; sourceTree = "<group>"; fileEncoding = undefined; lastKnownFileType = unknown; explicitFileType = undefined; includeInIndex = 0; };
		102D4821F26D45C1A49F5303 /* Inter-Thin.ttf */ = {isa = PBXFileReference; name = "Inter-Thin.ttf"; path = "../src/assetss/Fonts/static/Inter-Thin.ttf"; sourceTree = "<group>"; fileEncoding = undefined; lastKnownFileType = unknown; explicitFileType = undefined; includeInIndex = 0; };
		4CBD07966F444731AECF933F /* Roboto-Black.ttf */ = {isa = PBXFileReference; name = "Roboto-Black.ttf"; path = "../src/assetss/Fonts/static/Roboto-Black.ttf"; sourceTree = "<group>"; fileEncoding = undefined; lastKnownFileType = unknown; explicitFileType = undefined; includeInIndex = 0; };
		DE48605DF4374082B9A097E7 /* Roboto-BlackItalic.ttf */ = {isa = PBXFileReference; name = "Roboto-BlackItalic.ttf"; path = "../src/assetss/Fonts/static/Roboto-BlackItalic.ttf"; sourceTree = "<group>"; fileEncoding = undefined; lastKnownFileType = unknown; explicitFileType = undefined; includeInIndex = 0; };
		C7A5FA32E3344C55AFB9A3DF /* Roboto-Bold.ttf */ = {isa = PBXFileReference; name = "Roboto-Bold.ttf"; path = "../src/assetss/Fonts/static/Roboto-Bold.ttf"; sourceTree = "<group>"; fileEncoding = undefined; lastKnownFileType = unknown; explicitFileType = undefined; includeInIndex = 0; };
		8C459F00497D406E89DE8CC3 /* Roboto-BoldItalic.ttf */ = {isa = PBXFileReference; name = "Roboto-BoldItalic.ttf"; path = "../src/assetss/Fonts/static/Roboto-BoldItalic.ttf"; sourceTree = "<group>"; fileEncoding = undefined; lastKnownFileType = unknown; explicitFileType = undefined; includeInIndex = 0; };
		E302FA7874C1494BB1F199E3 /* Roboto-Italic.ttf */ = {isa = PBXFileReference; name = "Roboto-Italic.ttf"; path = "../src/assetss/Fonts/static/Roboto-Italic.ttf"; sourceTree = "<group>"; fileEncoding = undefined; lastKnownFileType = unknown; explicitFileType = undefined; includeInIndex = 0; };
		C998095EC5764A1B8EFFB60E /* Roboto-Light.ttf */ = {isa = PBXFileReference; name = "Roboto-Light.ttf"; path = "../src/assetss/Fonts/static/Roboto-Light.ttf"; sourceTree = "<group>"; fileEncoding = undefined; lastKnownFileType = unknown; explicitFileType = undefined; includeInIndex = 0; };
		76A55C91D6D74B68BA8ADB3C /* Roboto-LightItalic.ttf */ = {isa = PBXFileReference; name = "Roboto-LightItalic.ttf"; path = "../src/assetss/Fonts/static/Roboto-LightItalic.ttf"; sourceTree = "<group>"; fileEncoding = undefined; lastKnownFileType = unknown; explicitFileType = undefined; includeInIndex = 0; };
		BD4DC0A3971448FBACDB44E6 /* Roboto-Medium.ttf */ = {isa = PBXFileReference; name = "Roboto-Medium.ttf"; path = "../src/assetss/Fonts/static/Roboto-Medium.ttf"; sourceTree = "<group>"; fileEncoding = undefined; lastKnownFileType = unknown; explicitFileType = undefined; includeInIndex = 0; };
		BDC173ABD24941838D5BC954 /* Roboto-MediumItalic.ttf */ = {isa = PBXFileReference; name = "Roboto-MediumItalic.ttf"; path = "../src/assetss/Fonts/static/Roboto-MediumItalic.ttf"; sourceTree = "<group>"; fileEncoding = undefined; lastKnownFileType = unknown; explicitFileType = undefined; includeInIndex = 0; };
		CF8BF668268241B3983FBBF5 /* Roboto-Regular.ttf */ = {isa = PBXFileReference; name = "Roboto-Regular.ttf"; path = "../src/assetss/Fonts/static/Roboto-Regular.ttf"; sourceTree = "<group>"; fileEncoding = undefined; lastKnownFileType = unknown; explicitFileType = undefined; includeInIndex = 0; };
		E77DC0469F1B4D549B453515 /* Roboto-Thin.ttf */ = {isa = PBXFileReference; name = "Roboto-Thin.ttf"; path = "../src/assetss/Fonts/static/Roboto-Thin.ttf"; sourceTree = "<group>"; fileEncoding = undefined; lastKnownFileType = unknown; explicitFileType = undefined; includeInIndex = 0; };
		5377DA496FBD43458FC7FE82 /* Roboto-ThinItalic.ttf */ = {isa = PBXFileReference; name = "Roboto-ThinItalic.ttf"; path = "../src/assetss/Fonts/static/Roboto-ThinItalic.ttf"; sourceTree = "<group>"; fileEncoding = undefined; lastKnownFileType = unknown; explicitFileType = undefined; includeInIndex = 0; };
		973F48A83BF5478E9C1AF718 /* Inter-Black.ttf */ = {isa = PBXFileReference; name = "Inter-Black.ttf"; path = "../src/assetss/Fonts/Inter-Black.ttf"; sourceTree = "<group>"; fileEncoding = undefined; lastKnownFileType = unknown; explicitFileType = undefined; includeInIndex = 0; };
		8AF506A920314EF6AD3CBC31 /* Inter-Bold.ttf */ = {isa = PBXFileReference; name = "Inter-Bold.ttf"; path = "../src/assetss/Fonts/Inter-Bold.ttf"; sourceTree = "<group>"; fileEncoding = undefined; lastKnownFileType = unknown; explicitFileType = undefined; includeInIndex = 0; };
		6023FE33C516447CB9B37204 /* Inter-ExtraBold.ttf */ = {isa = PBXFileReference; name = "Inter-ExtraBold.ttf"; path = "../src/assetss/Fonts/Inter-ExtraBold.ttf"; sourceTree = "<group>"; fileEncoding = undefined; lastKnownFileType = unknown; explicitFileType = undefined; includeInIndex = 0; };
		CD0ECA2553074C9F80136BA2 /* Inter-ExtraLight.ttf */ = {isa = PBXFileReference; name = "Inter-ExtraLight.ttf"; path = "../src/assetss/Fonts/Inter-ExtraLight.ttf"; sourceTree = "<group>"; fileEncoding = undefined; lastKnownFileType = unknown; explicitFileType = undefined; includeInIndex = 0; };
		24BBED714BD2445E837D2A25 /* Inter-Light.ttf */ = {isa = PBXFileReference; name = "Inter-Light.ttf"; path = "../src/assetss/Fonts/Inter-Light.ttf"; sourceTree = "<group>"; fileEncoding = undefined; lastKnownFileType = unknown; explicitFileType = undefined; includeInIndex = 0; };
		1BABFB8056194B7DBDF56CFA /* Inter-Medium.ttf */ = {isa = PBXFileReference; name = "Inter-Medium.ttf"; path = "../src/assetss/Fonts/Inter-Medium.ttf"; sourceTree = "<group>"; fileEncoding = undefined; lastKnownFileType = unknown; explicitFileType = undefined; includeInIndex = 0; };
		D30A9CA742D04D63A43F7F0C /* Inter-Regular.ttf */ = {isa = PBXFileReference; name = "Inter-Regular.ttf"; path = "../src/assetss/Fonts/Inter-Regular.ttf"; sourceTree = "<group>"; fileEncoding = undefined; lastKnownFileType = unknown; explicitFileType = undefined; includeInIndex = 0; };
		407ACC769F7D4F80BD4C5CF8 /* Inter-SemiBold.ttf */ = {isa = PBXFileReference; name = "Inter-SemiBold.ttf"; path = "../src/assetss/Fonts/Inter-SemiBold.ttf"; sourceTree = "<group>"; fileEncoding = undefined; lastKnownFileType = unknown; explicitFileType = undefined; includeInIndex = 0; };
		4600288BC7F24B3DA98C4FB4 /* Inter-Thin.ttf */ = {isa = PBXFileReference; name = "Inter-Thin.ttf"; path = "../src/assetss/Fonts/Inter-Thin.ttf"; sourceTree = "<group>"; fileEncoding = undefined; lastKnownFileType = unknown; explicitFileType = undefined; includeInIndex = 0; };
		51C433FB9DE14F19BAFD7673 /* Roboto-Black.ttf */ = {isa = PBXFileReference; name = "Roboto-Black.ttf"; path = "../src/assetss/Fonts/Roboto-Black.ttf"; sourceTree = "<group>"; fileEncoding = undefined; lastKnownFileType = unknown; explicitFileType = undefined; includeInIndex = 0; };
		91907AD01A7346E1AFEB1003 /* Roboto-BlackItalic.ttf */ = {isa = PBXFileReference; name = "Roboto-BlackItalic.ttf"; path = "../src/assetss/Fonts/Roboto-BlackItalic.ttf"; sourceTree = "<group>"; fileEncoding = undefined; lastKnownFileType = unknown; explicitFileType = undefined; includeInIndex = 0; };
		734785634C024E62B58629C2 /* Roboto-Bold.ttf */ = {isa = PBXFileReference; name = "Roboto-Bold.ttf"; path = "../src/assetss/Fonts/Roboto-Bold.ttf"; sourceTree = "<group>"; fileEncoding = undefined; lastKnownFileType = unknown; explicitFileType = undefined; includeInIndex = 0; };
		62B6FB0D5E9A4F6BBE391A45 /* Roboto-BoldItalic.ttf */ = {isa = PBXFileReference; name = "Roboto-BoldItalic.ttf"; path = "../src/assetss/Fonts/Roboto-BoldItalic.ttf"; sourceTree = "<group>"; fileEncoding = undefined; lastKnownFileType = unknown; explicitFileType = undefined; includeInIndex = 0; };
		A3532703EF3542CC88D95FED /* Roboto-Italic.ttf */ = {isa = PBXFileReference; name = "Roboto-Italic.ttf"; path = "../src/assetss/Fonts/Roboto-Italic.ttf"; sourceTree = "<group>"; fileEncoding = undefined; lastKnownFileType = unknown; explicitFileType = undefined; includeInIndex = 0; };
		8C6E70B7A4134547A1089232 /* Roboto-Light.ttf */ = {isa = PBXFileReference; name = "Roboto-Light.ttf"; path = "../src/assetss/Fonts/Roboto-Light.ttf"; sourceTree = "<group>"; fileEncoding = undefined; lastKnownFileType = unknown; explicitFileType = undefined; includeInIndex = 0; };
		4533A83BFEBB4629A810246F /* Roboto-LightItalic.ttf */ = {isa = PBXFileReference; name = "Roboto-LightItalic.ttf"; path = "../src/assetss/Fonts/Roboto-LightItalic.ttf"; sourceTree = "<group>"; fileEncoding = undefined; lastKnownFileType = unknown; explicitFileType = undefined; includeInIndex = 0; };
		A852CB8F03E34E269B9EF0E0 /* Roboto-Medium.ttf */ = {isa = PBXFileReference; name = "Roboto-Medium.ttf"; path = "../src/assetss/Fonts/Roboto-Medium.ttf"; sourceTree = "<group>"; fileEncoding = undefined; lastKnownFileType = unknown; explicitFileType = undefined; includeInIndex = 0; };
		C2D1FFC1A6C84F6B92953B28 /* Roboto-MediumItalic.ttf */ = {isa = PBXFileReference; name = "Roboto-MediumItalic.ttf"; path = "../src/assetss/Fonts/Roboto-MediumItalic.ttf"; sourceTree = "<group>"; fileEncoding = undefined; lastKnownFileType = unknown; explicitFileType = undefined; includeInIndex = 0; };
		2858667D804D428C93996729 /* Roboto-Regular.ttf */ = {isa = PBXFileReference; name = "Roboto-Regular.ttf"; path = "../src/assetss/Fonts/Roboto-Regular.ttf"; sourceTree = "<group>"; fileEncoding = undefined; lastKnownFileType = unknown; explicitFileType = undefined; includeInIndex = 0; };
		4FFA79EDBA014138A9A378D8 /* Roboto-Thin.ttf */ = {isa = PBXFileReference; name = "Roboto-Thin.ttf"; path = "../src/assetss/Fonts/Roboto-Thin.ttf"; sourceTree = "<group>"; fileEncoding = undefined; lastKnownFileType = unknown; explicitFileType = undefined; includeInIndex = 0; };
		204F7EDE88EC4325A3460DF9 /* Roboto-ThinItalic.ttf */ = {isa = PBXFileReference; name = "Roboto-ThinItalic.ttf"; path = "../src/assetss/Fonts/Roboto-ThinItalic.ttf"; sourceTree = "<group>"; fileEncoding = undefined; lastKnownFileType = unknown; explicitFileType = undefined; includeInIndex = 0; };
/* End PBXFileReference section */

/* Begin PBXFrameworksBuildPhase section */
		00E356EB1AD99517003FC87E /* Frameworks */ = {
			isa = PBXFrameworksBuildPhase;
			buildActionMask = 2147483647;
			files = (
				7699B88040F8A987B510C191 /* libPods-funtionApp-funtionAppTests.a in Frameworks */,
			);
			runOnlyForDeploymentPostprocessing = 0;
		};
		13B07F8C1A680F5B00A75B9A /* Frameworks */ = {
			isa = PBXFrameworksBuildPhase;
			buildActionMask = 2147483647;
			files = (
				0C80B921A6F3F58F76C31292 /* libPods-funtionApp.a in Frameworks */,
			);
			runOnlyForDeploymentPostprocessing = 0;
		};
/* End PBXFrameworksBuildPhase section */

/* Begin PBXGroup section */
		00E356EF1AD99517003FC87E /* funtionAppTests */ = {
			isa = PBXGroup;
			children = (
				00E356F21AD99517003FC87E /* funtionAppTests.m */,
				00E356F01AD99517003FC87E /* Supporting Files */,
			);
			path = funtionAppTests;
			sourceTree = "<group>";
		};
		00E356F01AD99517003FC87E /* Supporting Files */ = {
			isa = PBXGroup;
			children = (
				00E356F11AD99517003FC87E /* Info.plist */,
			);
			name = "Supporting Files";
			sourceTree = "<group>";
		};
		13B07FAE1A68108700A75B9A /* funtionApp */ = {
			isa = PBXGroup;
			children = (
				13B07FAF1A68108700A75B9A /* AppDelegate.h */,
				13B07FB01A68108700A75B9A /* AppDelegate.mm */,
				13B07FB51A68108700A75B9A /* Images.xcassets */,
				13B07FB61A68108700A75B9A /* Info.plist */,
				81AB9BB72411601600AC10FF /* LaunchScreen.storyboard */,
				13B07FB71A68108700A75B9A /* main.m */,
			);
			name = funtionApp;
			sourceTree = "<group>";
		};
		2D16E6871FA4F8E400B85C8A /* Frameworks */ = {
			isa = PBXGroup;
			children = (
				ED297162215061F000B7C4FE /* JavaScriptCore.framework */,
				5DCACB8F33CDC322A6C60F78 /* libPods-funtionApp.a */,
				19F6CBCC0A4E27FBF8BF4A61 /* libPods-funtionApp-funtionAppTests.a */,
			);
			name = Frameworks;
			sourceTree = "<group>";
		};
		832341AE1AAA6A7D00B99B32 /* Libraries */ = {
			isa = PBXGroup;
			children = (
			);
			name = Libraries;
			sourceTree = "<group>";
		};
		83CBB9F61A601CBA00E9B192 = {
			isa = PBXGroup;
			children = (
				13B07FAE1A68108700A75B9A /* funtionApp */,
				832341AE1AAA6A7D00B99B32 /* Libraries */,
				00E356EF1AD99517003FC87E /* funtionAppTests */,
				83CBBA001A601CBA00E9B192 /* Products */,
				2D16E6871FA4F8E400B85C8A /* Frameworks */,
				BBD78D7AC51CEA395F1C20DB /* Pods */,
				4B1D54BF355C48BDA590E1C5 /* Resources */,
			);
			indentWidth = 2;
			sourceTree = "<group>";
			tabWidth = 2;
			usesTabs = 0;
		};
		83CBBA001A601CBA00E9B192 /* Products */ = {
			isa = PBXGroup;
			children = (
				13B07F961A680F5B00A75B9A /* funtionApp.app */,
				00E356EE1AD99517003FC87E /* funtionAppTests.xctest */,
			);
			name = Products;
			sourceTree = "<group>";
		};
		BBD78D7AC51CEA395F1C20DB /* Pods */ = {
			isa = PBXGroup;
			children = (
				3B4392A12AC88292D35C810B /* Pods-funtionApp.debug.xcconfig */,
				5709B34CF0A7D63546082F79 /* Pods-funtionApp.release.xcconfig */,
				5B7EB9410499542E8C5724F5 /* Pods-funtionApp-funtionAppTests.debug.xcconfig */,
				89C6BE57DB24E9ADA2F236DE /* Pods-funtionApp-funtionAppTests.release.xcconfig */,
			);
			path = Pods;
			sourceTree = "<group>";
		};
		4B1D54BF355C48BDA590E1C5 /* Resources */ = {
			isa = "PBXGroup";
			children = (
				55E2C03B0C4B419EA5DE5DA8 /* Inter-VariableFont_slnt,wght.ttf */,
				FF2D5FA5D771436087D24944 /* Inter-Black.ttf */,
				891DECC1E021490A884BD077 /* Inter-Bold.ttf */,
				3F56A9D912224197AE741146 /* Inter-ExtraBold.ttf */,
				6133DAA0682548B1A0D01C61 /* Inter-ExtraLight.ttf */,
				22A1807913E04525A7F854D7 /* Inter-Light.ttf */,
				C1A60863920844B880BB69C0 /* Inter-Medium.ttf */,
				2A95CC4EE3424867ACD3B2F5 /* Inter-Regular.ttf */,
				59D83138722F455E98F9EE87 /* Inter-SemiBold.ttf */,
				102D4821F26D45C1A49F5303 /* Inter-Thin.ttf */,
				4CBD07966F444731AECF933F /* Roboto-Black.ttf */,
				DE48605DF4374082B9A097E7 /* Roboto-BlackItalic.ttf */,
				C7A5FA32E3344C55AFB9A3DF /* Roboto-Bold.ttf */,
				8C459F00497D406E89DE8CC3 /* Roboto-BoldItalic.ttf */,
				E302FA7874C1494BB1F199E3 /* Roboto-Italic.ttf */,
				C998095EC5764A1B8EFFB60E /* Roboto-Light.ttf */,
				76A55C91D6D74B68BA8ADB3C /* Roboto-LightItalic.ttf */,
				BD4DC0A3971448FBACDB44E6 /* Roboto-Medium.ttf */,
				BDC173ABD24941838D5BC954 /* Roboto-MediumItalic.ttf */,
				CF8BF668268241B3983FBBF5 /* Roboto-Regular.ttf */,
				E77DC0469F1B4D549B453515 /* Roboto-Thin.ttf */,
				5377DA496FBD43458FC7FE82 /* Roboto-ThinItalic.ttf */,
				973F48A83BF5478E9C1AF718 /* Inter-Black.ttf */,
				8AF506A920314EF6AD3CBC31 /* Inter-Bold.ttf */,
				6023FE33C516447CB9B37204 /* Inter-ExtraBold.ttf */,
				CD0ECA2553074C9F80136BA2 /* Inter-ExtraLight.ttf */,
				24BBED714BD2445E837D2A25 /* Inter-Light.ttf */,
				1BABFB8056194B7DBDF56CFA /* Inter-Medium.ttf */,
				D30A9CA742D04D63A43F7F0C /* Inter-Regular.ttf */,
				407ACC769F7D4F80BD4C5CF8 /* Inter-SemiBold.ttf */,
				4600288BC7F24B3DA98C4FB4 /* Inter-Thin.ttf */,
				51C433FB9DE14F19BAFD7673 /* Roboto-Black.ttf */,
				91907AD01A7346E1AFEB1003 /* Roboto-BlackItalic.ttf */,
				734785634C024E62B58629C2 /* Roboto-Bold.ttf */,
				62B6FB0D5E9A4F6BBE391A45 /* Roboto-BoldItalic.ttf */,
				A3532703EF3542CC88D95FED /* Roboto-Italic.ttf */,
				8C6E70B7A4134547A1089232 /* Roboto-Light.ttf */,
				4533A83BFEBB4629A810246F /* Roboto-LightItalic.ttf */,
				A852CB8F03E34E269B9EF0E0 /* Roboto-Medium.ttf */,
				C2D1FFC1A6C84F6B92953B28 /* Roboto-MediumItalic.ttf */,
				2858667D804D428C93996729 /* Roboto-Regular.ttf */,
				4FFA79EDBA014138A9A378D8 /* Roboto-Thin.ttf */,
				204F7EDE88EC4325A3460DF9 /* Roboto-ThinItalic.ttf */,
			);
			name = Resources;
			sourceTree = "<group>";
			path = "";
		};
/* End PBXGroup section */

/* Begin PBXNativeTarget section */
		00E356ED1AD99517003FC87E /* funtionAppTests */ = {
			isa = PBXNativeTarget;
			buildConfigurationList = 00E357021AD99517003FC87E /* Build configuration list for PBXNativeTarget "funtionAppTests" */;
			buildPhases = (
				A55EABD7B0C7F3A422A6CC61 /* [CP] Check Pods Manifest.lock */,
				00E356EA1AD99517003FC87E /* Sources */,
				00E356EB1AD99517003FC87E /* Frameworks */,
				00E356EC1AD99517003FC87E /* Resources */,
				C59DA0FBD6956966B86A3779 /* [CP] Embed Pods Frameworks */,
				F6A41C54EA430FDDC6A6ED99 /* [CP] Copy Pods Resources */,
			);
			buildRules = (
			);
			dependencies = (
				00E356F51AD99517003FC87E /* PBXTargetDependency */,
			);
			name = funtionAppTests;
			productName = funtionAppTests;
			productReference = 00E356EE1AD99517003FC87E /* funtionAppTests.xctest */;
			productType = "com.apple.product-type.bundle.unit-test";
		};
		13B07F861A680F5B00A75B9A /* funtionApp */ = {
			isa = PBXNativeTarget;
			buildConfigurationList = 13B07F931A680F5B00A75B9A /* Build configuration list for PBXNativeTarget "funtionApp" */;
			buildPhases = (
				C38B50BA6285516D6DCD4F65 /* [CP] Check Pods Manifest.lock */,
				FD10A7F022414F080027D42C /* Start Packager */,
				13B07F871A680F5B00A75B9A /* Sources */,
				13B07F8C1A680F5B00A75B9A /* Frameworks */,
				13B07F8E1A680F5B00A75B9A /* Resources */,
				00DD1BFF1BD5951E006B06BC /* Bundle React Native code and images */,
				00EEFC60759A1932668264C0 /* [CP] Embed Pods Frameworks */,
				E235C05ADACE081382539298 /* [CP] Copy Pods Resources */,
			);
			buildRules = (
			);
			dependencies = (
			);
			name = funtionApp;
			productName = funtionApp;
			productReference = 13B07F961A680F5B00A75B9A /* funtionApp.app */;
			productType = "com.apple.product-type.application";
		};
/* End PBXNativeTarget section */

/* Begin PBXProject section */
		83CBB9F71A601CBA00E9B192 /* Project object */ = {
			isa = PBXProject;
			attributes = {
				LastUpgradeCheck = 1210;
				TargetAttributes = {
					00E356ED1AD99517003FC87E = {
						CreatedOnToolsVersion = 6.2;
						TestTargetID = 13B07F861A680F5B00A75B9A;
					};
					13B07F861A680F5B00A75B9A = {
						LastSwiftMigration = 1120;
					};
				};
			};
			buildConfigurationList = 83CBB9FA1A601CBA00E9B192 /* Build configuration list for PBXProject "funtionApp" */;
			compatibilityVersion = "Xcode 12.0";
			developmentRegion = en;
			hasScannedForEncodings = 0;
			knownRegions = (
				en,
				Base,
			);
			mainGroup = 83CBB9F61A601CBA00E9B192;
			productRefGroup = 83CBBA001A601CBA00E9B192 /* Products */;
			projectDirPath = "";
			projectRoot = "";
			targets = (
				13B07F861A680F5B00A75B9A /* funtionApp */,
				00E356ED1AD99517003FC87E /* funtionAppTests */,
			);
		};
/* End PBXProject section */

/* Begin PBXResourcesBuildPhase section */
		00E356EC1AD99517003FC87E /* Resources */ = {
			isa = PBXResourcesBuildPhase;
			buildActionMask = 2147483647;
			files = (
			);
			runOnlyForDeploymentPostprocessing = 0;
		};
		13B07F8E1A680F5B00A75B9A /* Resources */ = {
			isa = PBXResourcesBuildPhase;
			buildActionMask = 2147483647;
			files = (
				81AB9BB82411601600AC10FF /* LaunchScreen.storyboard in Resources */,
				13B07FBF1A68108700A75B9A /* Images.xcassets in Resources */,
				7D4E462467EE43EBBCEEC94B /* Inter-VariableFont_slnt,wght.ttf in Resources */,
				C099ADE3CA784CED8B88586F /* Inter-Black.ttf in Resources */,
				094ED8545B924D21BC8F8401 /* Inter-Bold.ttf in Resources */,
				84746972C9FE42D5A75F5D58 /* Inter-ExtraBold.ttf in Resources */,
				02491884BA5A4A2998D26280 /* Inter-ExtraLight.ttf in Resources */,
				B6F848BDA4464B1295F13FBE /* Inter-Light.ttf in Resources */,
				596A69FF5CD4427E82F48854 /* Inter-Medium.ttf in Resources */,
				160B97AF007F409CAF534DCE /* Inter-Regular.ttf in Resources */,
				E1135D3EE72449ADA81D36A6 /* Inter-SemiBold.ttf in Resources */,
				DE6240BF6D1A4B39B4C229A7 /* Inter-Thin.ttf in Resources */,
				12D79E31553749C1B606509D /* Roboto-Black.ttf in Resources */,
				5D439EFEADF8402CBCBDB35C /* Roboto-BlackItalic.ttf in Resources */,
				B9E23A61177341C08AEFD8D0 /* Roboto-Bold.ttf in Resources */,
				B303366F51494938B484DF08 /* Roboto-BoldItalic.ttf in Resources */,
				763C08EDC8034AD0AE90EE75 /* Roboto-Italic.ttf in Resources */,
				77476CAF481D4F9B921E300C /* Roboto-Light.ttf in Resources */,
				D303CF6B64D9423D80CB5597 /* Roboto-LightItalic.ttf in Resources */,
				64D1C867E023470D8D755126 /* Roboto-Medium.ttf in Resources */,
				D0689015379148EFBEC37A52 /* Roboto-MediumItalic.ttf in Resources */,
				54164C9C3108491C8F9002BA /* Roboto-Regular.ttf in Resources */,
				40911E345C6B4ECEB63EDE25 /* Roboto-Thin.ttf in Resources */,
				A1E1AF56F67140F1930E301E /* Roboto-ThinItalic.ttf in Resources */,
				8948AEE844514950A06E0942 /* Inter-Black.ttf in Resources */,
				568099615CED48448A4FA434 /* Inter-Bold.ttf in Resources */,
				7C7D8D2FC05A40768AAB0907 /* Inter-ExtraBold.ttf in Resources */,
				FB2A2863FBBF43748768BD51 /* Inter-ExtraLight.ttf in Resources */,
				3CF0236FDE73421CBE88F36F /* Inter-Light.ttf in Resources */,
				82E5C845E53740FEB552852E /* Inter-Medium.ttf in Resources */,
				FA4C0248A3DD4136B9CE6141 /* Inter-Regular.ttf in Resources */,
				C17D5140657D49449763AE2D /* Inter-SemiBold.ttf in Resources */,
				0F3F7261AB1C4BB5A07C785B /* Inter-Thin.ttf in Resources */,
				042E1EAF35CF4199A526CB28 /* Roboto-Black.ttf in Resources */,
				5A044631C1F94C288F491BEB /* Roboto-BlackItalic.ttf in Resources */,
				3F99B930F3BE4578921F3A00 /* Roboto-Bold.ttf in Resources */,
				0FB317F34E554AEFB50A0E45 /* Roboto-BoldItalic.ttf in Resources */,
				FEECC56EBF884437A8655977 /* Roboto-Italic.ttf in Resources */,
				2203942CC7BC49108FC462E8 /* Roboto-Light.ttf in Resources */,
				B8225B730EAB47D19E691948 /* Roboto-LightItalic.ttf in Resources */,
				730A56AC70354332B3B49CDF /* Roboto-Medium.ttf in Resources */,
				87FB3121A94D45DFA750E9C0 /* Roboto-MediumItalic.ttf in Resources */,
				CDC0F9718A7D4BE5944CB60E /* Roboto-Regular.ttf in Resources */,
				22158AE709914C9DBD4B9B0D /* Roboto-Thin.ttf in Resources */,
				AB09E66FF1B14013A7453074 /* Roboto-ThinItalic.ttf in Resources */,
			);
			runOnlyForDeploymentPostprocessing = 0;
		};
/* End PBXResourcesBuildPhase section */

/* Begin PBXShellScriptBuildPhase section */
		00DD1BFF1BD5951E006B06BC /* Bundle React Native code and images */ = {
			isa = PBXShellScriptBuildPhase;
			buildActionMask = 2147483647;
			files = (
			);
			inputPaths = (
			);
			name = "Bundle React Native code and images";
			outputPaths = (
			);
			runOnlyForDeploymentPostprocessing = 0;
			shellPath = /bin/sh;
			shellScript = "set -e\n\nexport NODE_BINARY=node\n../node_modules/react-native/scripts/react-native-xcode.sh\n";
		};
		00EEFC60759A1932668264C0 /* [CP] Embed Pods Frameworks */ = {
			isa = PBXShellScriptBuildPhase;
			buildActionMask = 2147483647;
			files = (
			);
			inputFileListPaths = (
				"${PODS_ROOT}/Target Support Files/Pods-funtionApp/Pods-funtionApp-frameworks-${CONFIGURATION}-input-files.xcfilelist",
			);
			name = "[CP] Embed Pods Frameworks";
			outputFileListPaths = (
				"${PODS_ROOT}/Target Support Files/Pods-funtionApp/Pods-funtionApp-frameworks-${CONFIGURATION}-output-files.xcfilelist",
			);
			runOnlyForDeploymentPostprocessing = 0;
			shellPath = /bin/sh;
			shellScript = "\"${PODS_ROOT}/Target Support Files/Pods-funtionApp/Pods-funtionApp-frameworks.sh\"\n";
			showEnvVarsInLog = 0;
		};
		A55EABD7B0C7F3A422A6CC61 /* [CP] Check Pods Manifest.lock */ = {
			isa = PBXShellScriptBuildPhase;
			buildActionMask = 2147483647;
			files = (
			);
			inputFileListPaths = (
			);
			inputPaths = (
				"${PODS_PODFILE_DIR_PATH}/Podfile.lock",
				"${PODS_ROOT}/Manifest.lock",
			);
			name = "[CP] Check Pods Manifest.lock";
			outputFileListPaths = (
			);
			outputPaths = (
				"$(DERIVED_FILE_DIR)/Pods-funtionApp-funtionAppTests-checkManifestLockResult.txt",
			);
			runOnlyForDeploymentPostprocessing = 0;
			shellPath = /bin/sh;
			shellScript = "diff \"${PODS_PODFILE_DIR_PATH}/Podfile.lock\" \"${PODS_ROOT}/Manifest.lock\" > /dev/null\nif [ $? != 0 ] ; then\n    # print error to STDERR\n    echo \"error: The sandbox is not in sync with the Podfile.lock. Run 'pod install' or update your CocoaPods installation.\" >&2\n    exit 1\nfi\n# This output is used by Xcode 'outputs' to avoid re-running this script phase.\necho \"SUCCESS\" > \"${SCRIPT_OUTPUT_FILE_0}\"\n";
			showEnvVarsInLog = 0;
		};
		C38B50BA6285516D6DCD4F65 /* [CP] Check Pods Manifest.lock */ = {
			isa = PBXShellScriptBuildPhase;
			buildActionMask = 2147483647;
			files = (
			);
			inputFileListPaths = (
			);
			inputPaths = (
				"${PODS_PODFILE_DIR_PATH}/Podfile.lock",
				"${PODS_ROOT}/Manifest.lock",
			);
			name = "[CP] Check Pods Manifest.lock";
			outputFileListPaths = (
			);
			outputPaths = (
				"$(DERIVED_FILE_DIR)/Pods-funtionApp-checkManifestLockResult.txt",
			);
			runOnlyForDeploymentPostprocessing = 0;
			shellPath = /bin/sh;
			shellScript = "diff \"${PODS_PODFILE_DIR_PATH}/Podfile.lock\" \"${PODS_ROOT}/Manifest.lock\" > /dev/null\nif [ $? != 0 ] ; then\n    # print error to STDERR\n    echo \"error: The sandbox is not in sync with the Podfile.lock. Run 'pod install' or update your CocoaPods installation.\" >&2\n    exit 1\nfi\n# This output is used by Xcode 'outputs' to avoid re-running this script phase.\necho \"SUCCESS\" > \"${SCRIPT_OUTPUT_FILE_0}\"\n";
			showEnvVarsInLog = 0;
		};
		C59DA0FBD6956966B86A3779 /* [CP] Embed Pods Frameworks */ = {
			isa = PBXShellScriptBuildPhase;
			buildActionMask = 2147483647;
			files = (
			);
			inputFileListPaths = (
				"${PODS_ROOT}/Target Support Files/Pods-funtionApp-funtionAppTests/Pods-funtionApp-funtionAppTests-frameworks-${CONFIGURATION}-input-files.xcfilelist",
			);
			name = "[CP] Embed Pods Frameworks";
			outputFileListPaths = (
				"${PODS_ROOT}/Target Support Files/Pods-funtionApp-funtionAppTests/Pods-funtionApp-funtionAppTests-frameworks-${CONFIGURATION}-output-files.xcfilelist",
			);
			runOnlyForDeploymentPostprocessing = 0;
			shellPath = /bin/sh;
			shellScript = "\"${PODS_ROOT}/Target Support Files/Pods-funtionApp-funtionAppTests/Pods-funtionApp-funtionAppTests-frameworks.sh\"\n";
			showEnvVarsInLog = 0;
		};
		E235C05ADACE081382539298 /* [CP] Copy Pods Resources */ = {
			isa = PBXShellScriptBuildPhase;
			buildActionMask = 2147483647;
			files = (
			);
			inputFileListPaths = (
				"${PODS_ROOT}/Target Support Files/Pods-funtionApp/Pods-funtionApp-resources-${CONFIGURATION}-input-files.xcfilelist",
			);
			name = "[CP] Copy Pods Resources";
			outputFileListPaths = (
				"${PODS_ROOT}/Target Support Files/Pods-funtionApp/Pods-funtionApp-resources-${CONFIGURATION}-output-files.xcfilelist",
			);
			runOnlyForDeploymentPostprocessing = 0;
			shellPath = /bin/sh;
			shellScript = "\"${PODS_ROOT}/Target Support Files/Pods-funtionApp/Pods-funtionApp-resources.sh\"\n";
			showEnvVarsInLog = 0;
		};
		F6A41C54EA430FDDC6A6ED99 /* [CP] Copy Pods Resources */ = {
			isa = PBXShellScriptBuildPhase;
			buildActionMask = 2147483647;
			files = (
			);
			inputFileListPaths = (
				"${PODS_ROOT}/Target Support Files/Pods-funtionApp-funtionAppTests/Pods-funtionApp-funtionAppTests-resources-${CONFIGURATION}-input-files.xcfilelist",
			);
			name = "[CP] Copy Pods Resources";
			outputFileListPaths = (
				"${PODS_ROOT}/Target Support Files/Pods-funtionApp-funtionAppTests/Pods-funtionApp-funtionAppTests-resources-${CONFIGURATION}-output-files.xcfilelist",
			);
			runOnlyForDeploymentPostprocessing = 0;
			shellPath = /bin/sh;
			shellScript = "\"${PODS_ROOT}/Target Support Files/Pods-funtionApp-funtionAppTests/Pods-funtionApp-funtionAppTests-resources.sh\"\n";
			showEnvVarsInLog = 0;
		};
		FD10A7F022414F080027D42C /* Start Packager */ = {
			isa = PBXShellScriptBuildPhase;
			buildActionMask = 2147483647;
			files = (
			);
			inputFileListPaths = (
			);
			inputPaths = (
			);
			name = "Start Packager";
			outputFileListPaths = (
			);
			outputPaths = (
			);
			runOnlyForDeploymentPostprocessing = 0;
			shellPath = /bin/sh;
			shellScript = "export RCT_METRO_PORT=\"${RCT_METRO_PORT:=8081}\"\necho \"export RCT_METRO_PORT=${RCT_METRO_PORT}\" > \"${SRCROOT}/../node_modules/react-native/scripts/.packager.env\"\nif [ -z \"${RCT_NO_LAUNCH_PACKAGER+xxx}\" ] ; then\n  if nc -w 5 -z localhost ${RCT_METRO_PORT} ; then\n    if ! curl -s \"http://localhost:${RCT_METRO_PORT}/status\" | grep -q \"packager-status:running\" ; then\n      echo \"Port ${RCT_METRO_PORT} already in use, packager is either not running or not running correctly\"\n      exit 2\n    fi\n  else\n    open \"$SRCROOT/../node_modules/react-native/scripts/launchPackager.command\" || echo \"Can't start packager automatically\"\n  fi\nfi\n";
			showEnvVarsInLog = 0;
		};
/* End PBXShellScriptBuildPhase section */

/* Begin PBXSourcesBuildPhase section */
		00E356EA1AD99517003FC87E /* Sources */ = {
			isa = PBXSourcesBuildPhase;
			buildActionMask = 2147483647;
			files = (
				00E356F31AD99517003FC87E /* funtionAppTests.m in Sources */,
			);
			runOnlyForDeploymentPostprocessing = 0;
		};
		13B07F871A680F5B00A75B9A /* Sources */ = {
			isa = PBXSourcesBuildPhase;
			buildActionMask = 2147483647;
			files = (
				13B07FBC1A68108700A75B9A /* AppDelegate.mm in Sources */,
				13B07FC11A68108700A75B9A /* main.m in Sources */,
			);
			runOnlyForDeploymentPostprocessing = 0;
		};
/* End PBXSourcesBuildPhase section */

/* Begin PBXTargetDependency section */
		00E356F51AD99517003FC87E /* PBXTargetDependency */ = {
			isa = PBXTargetDependency;
			target = 13B07F861A680F5B00A75B9A /* funtionApp */;
			targetProxy = 00E356F41AD99517003FC87E /* PBXContainerItemProxy */;
		};
/* End PBXTargetDependency section */

/* Begin XCBuildConfiguration section */
		00E356F61AD99517003FC87E /* Debug */ = {
			isa = XCBuildConfiguration;
			baseConfigurationReference = 5B7EB9410499542E8C5724F5 /* Pods-funtionApp-funtionAppTests.debug.xcconfig */;
			buildSettings = {
				BUNDLE_LOADER = "$(TEST_HOST)";
				GCC_PREPROCESSOR_DEFINITIONS = (
					"DEBUG=1",
					"$(inherited)",
				);
				INFOPLIST_FILE = funtionAppTests/Info.plist;
				IPHONEOS_DEPLOYMENT_TARGET = 11.0;
				LD_RUNPATH_SEARCH_PATHS = (
					"$(inherited)",
					"@executable_path/Frameworks",
					"@loader_path/Frameworks",
				);
				OTHER_LDFLAGS = (
					"-ObjC",
					"-lc++",
					"$(inherited)",
				);
				PRODUCT_BUNDLE_IDENTIFIER = "org.reactjs.native.example.$(PRODUCT_NAME:rfc1034identifier)";
				PRODUCT_NAME = "$(TARGET_NAME)";
				TEST_HOST = "$(BUILT_PRODUCTS_DIR)/funtionApp.app/funtionApp";
			};
			name = Debug;
		};
		00E356F71AD99517003FC87E /* Release */ = {
			isa = XCBuildConfiguration;
			baseConfigurationReference = 89C6BE57DB24E9ADA2F236DE /* Pods-funtionApp-funtionAppTests.release.xcconfig */;
			buildSettings = {
				BUNDLE_LOADER = "$(TEST_HOST)";
				COPY_PHASE_STRIP = NO;
				INFOPLIST_FILE = funtionAppTests/Info.plist;
				IPHONEOS_DEPLOYMENT_TARGET = 11.0;
				LD_RUNPATH_SEARCH_PATHS = (
					"$(inherited)",
					"@executable_path/Frameworks",
					"@loader_path/Frameworks",
				);
				OTHER_LDFLAGS = (
					"-ObjC",
					"-lc++",
					"$(inherited)",
				);
				PRODUCT_BUNDLE_IDENTIFIER = "org.reactjs.native.example.$(PRODUCT_NAME:rfc1034identifier)";
				PRODUCT_NAME = "$(TARGET_NAME)";
				TEST_HOST = "$(BUILT_PRODUCTS_DIR)/funtionApp.app/funtionApp";
			};
			name = Release;
		};
		13B07F941A680F5B00A75B9A /* Debug */ = {
			isa = XCBuildConfiguration;
			baseConfigurationReference = 3B4392A12AC88292D35C810B /* Pods-funtionApp.debug.xcconfig */;
			buildSettings = {
				ASSETCATALOG_COMPILER_APPICON_NAME = AppIcon;
				CLANG_ENABLE_MODULES = YES;
				CURRENT_PROJECT_VERSION = 1;
				ENABLE_BITCODE = NO;
				INFOPLIST_FILE = funtionApp/Info.plist;
				LD_RUNPATH_SEARCH_PATHS = (
					"$(inherited)",
					"@executable_path/Frameworks",
				);
				OTHER_LDFLAGS = (
					"$(inherited)",
					"-ObjC",
					"-lc++",
				);
				PRODUCT_BUNDLE_IDENTIFIER = "org.reactjs.native.example.$(PRODUCT_NAME:rfc1034identifier)";
				PRODUCT_NAME = funtionApp;
				SWIFT_OPTIMIZATION_LEVEL = "-Onone";
				SWIFT_VERSION = 5.0;
				VERSIONING_SYSTEM = "apple-generic";
			};
			name = Debug;
		};
		13B07F951A680F5B00A75B9A /* Release */ = {
			isa = XCBuildConfiguration;
			baseConfigurationReference = 5709B34CF0A7D63546082F79 /* Pods-funtionApp.release.xcconfig */;
			buildSettings = {
				ASSETCATALOG_COMPILER_APPICON_NAME = AppIcon;
				CLANG_ENABLE_MODULES = YES;
				CURRENT_PROJECT_VERSION = 1;
				INFOPLIST_FILE = funtionApp/Info.plist;
				LD_RUNPATH_SEARCH_PATHS = (
					"$(inherited)",
					"@executable_path/Frameworks",
				);
				OTHER_LDFLAGS = (
					"$(inherited)",
					"-ObjC",
					"-lc++",
				);
				PRODUCT_BUNDLE_IDENTIFIER = "org.reactjs.native.example.$(PRODUCT_NAME:rfc1034identifier)";
				PRODUCT_NAME = funtionApp;
				SWIFT_VERSION = 5.0;
				VERSIONING_SYSTEM = "apple-generic";
			};
			name = Release;
		};
		83CBBA201A601CBA00E9B192 /* Debug */ = {
			isa = XCBuildConfiguration;
			buildSettings = {
				ALWAYS_SEARCH_USER_PATHS = NO;
				CLANG_ANALYZER_LOCALIZABILITY_NONLOCALIZED = YES;
				CLANG_CXX_LANGUAGE_STANDARD = "c++17";
				CLANG_CXX_LIBRARY = "libc++";
				CLANG_ENABLE_MODULES = YES;
				CLANG_ENABLE_OBJC_ARC = YES;
				CLANG_WARN_BLOCK_CAPTURE_AUTORELEASING = YES;
				CLANG_WARN_BOOL_CONVERSION = YES;
				CLANG_WARN_COMMA = YES;
				CLANG_WARN_CONSTANT_CONVERSION = YES;
				CLANG_WARN_DEPRECATED_OBJC_IMPLEMENTATIONS = YES;
				CLANG_WARN_DIRECT_OBJC_ISA_USAGE = YES_ERROR;
				CLANG_WARN_EMPTY_BODY = YES;
				CLANG_WARN_ENUM_CONVERSION = YES;
				CLANG_WARN_INFINITE_RECURSION = YES;
				CLANG_WARN_INT_CONVERSION = YES;
				CLANG_WARN_NON_LITERAL_NULL_CONVERSION = YES;
				CLANG_WARN_OBJC_IMPLICIT_RETAIN_SELF = YES;
				CLANG_WARN_OBJC_LITERAL_CONVERSION = YES;
				CLANG_WARN_OBJC_ROOT_CLASS = YES_ERROR;
				CLANG_WARN_QUOTED_INCLUDE_IN_FRAMEWORK_HEADER = YES;
				CLANG_WARN_RANGE_LOOP_ANALYSIS = YES;
				CLANG_WARN_STRICT_PROTOTYPES = YES;
				CLANG_WARN_SUSPICIOUS_MOVE = YES;
				CLANG_WARN_UNREACHABLE_CODE = YES;
				CLANG_WARN__DUPLICATE_METHOD_MATCH = YES;
				"CODE_SIGN_IDENTITY[sdk=iphoneos*]" = "iPhone Developer";
				COPY_PHASE_STRIP = NO;
				ENABLE_STRICT_OBJC_MSGSEND = YES;
				ENABLE_TESTABILITY = YES;
				"EXCLUDED_ARCHS[sdk=iphonesimulator*]" = "";
				GCC_C_LANGUAGE_STANDARD = gnu99;
				GCC_DYNAMIC_NO_PIC = NO;
				GCC_NO_COMMON_BLOCKS = YES;
				GCC_OPTIMIZATION_LEVEL = 0;
				GCC_PREPROCESSOR_DEFINITIONS = (
					"DEBUG=1",
					"$(inherited)",
				);
				GCC_SYMBOLS_PRIVATE_EXTERN = NO;
				GCC_WARN_64_TO_32_BIT_CONVERSION = YES;
				GCC_WARN_ABOUT_RETURN_TYPE = YES_ERROR;
				GCC_WARN_UNDECLARED_SELECTOR = YES;
				GCC_WARN_UNINITIALIZED_AUTOS = YES_AGGRESSIVE;
				GCC_WARN_UNUSED_FUNCTION = YES;
				GCC_WARN_UNUSED_VARIABLE = YES;
				IPHONEOS_DEPLOYMENT_TARGET = 11.0;
				LD_RUNPATH_SEARCH_PATHS = (
					/usr/lib/swift,
					"$(inherited)",
				);
				LIBRARY_SEARCH_PATHS = (
					"\"$(SDKROOT)/usr/lib/swift\"",
					"\"$(TOOLCHAIN_DIR)/usr/lib/swift/$(PLATFORM_NAME)\"",
					"\"$(inherited)\"",
				);
				MTL_ENABLE_DEBUG_INFO = YES;
				ONLY_ACTIVE_ARCH = YES;
				OTHER_CPLUSPLUSFLAGS = (
					"$(OTHER_CFLAGS)",
					"-DFOLLY_NO_CONFIG",
					"-DFOLLY_MOBILE=1",
					"-DFOLLY_USE_LIBCPP=1",
				);
				SDKROOT = iphoneos;
			};
			name = Debug;
		};
		83CBBA211A601CBA00E9B192 /* Release */ = {
			isa = XCBuildConfiguration;
			buildSettings = {
				ALWAYS_SEARCH_USER_PATHS = NO;
				CLANG_ANALYZER_LOCALIZABILITY_NONLOCALIZED = YES;
				CLANG_CXX_LANGUAGE_STANDARD = "c++17";
				CLANG_CXX_LIBRARY = "libc++";
				CLANG_ENABLE_MODULES = YES;
				CLANG_ENABLE_OBJC_ARC = YES;
				CLANG_WARN_BLOCK_CAPTURE_AUTORELEASING = YES;
				CLANG_WARN_BOOL_CONVERSION = YES;
				CLANG_WARN_COMMA = YES;
				CLANG_WARN_CONSTANT_CONVERSION = YES;
				CLANG_WARN_DEPRECATED_OBJC_IMPLEMENTATIONS = YES;
				CLANG_WARN_DIRECT_OBJC_ISA_USAGE = YES_ERROR;
				CLANG_WARN_EMPTY_BODY = YES;
				CLANG_WARN_ENUM_CONVERSION = YES;
				CLANG_WARN_INFINITE_RECURSION = YES;
				CLANG_WARN_INT_CONVERSION = YES;
				CLANG_WARN_NON_LITERAL_NULL_CONVERSION = YES;
				CLANG_WARN_OBJC_IMPLICIT_RETAIN_SELF = YES;
				CLANG_WARN_OBJC_LITERAL_CONVERSION = YES;
				CLANG_WARN_OBJC_ROOT_CLASS = YES_ERROR;
				CLANG_WARN_QUOTED_INCLUDE_IN_FRAMEWORK_HEADER = YES;
				CLANG_WARN_RANGE_LOOP_ANALYSIS = YES;
				CLANG_WARN_STRICT_PROTOTYPES = YES;
				CLANG_WARN_SUSPICIOUS_MOVE = YES;
				CLANG_WARN_UNREACHABLE_CODE = YES;
				CLANG_WARN__DUPLICATE_METHOD_MATCH = YES;
				"CODE_SIGN_IDENTITY[sdk=iphoneos*]" = "iPhone Developer";
				COPY_PHASE_STRIP = YES;
				ENABLE_NS_ASSERTIONS = NO;
				ENABLE_STRICT_OBJC_MSGSEND = YES;
				"EXCLUDED_ARCHS[sdk=iphonesimulator*]" = "";
				GCC_C_LANGUAGE_STANDARD = gnu99;
				GCC_NO_COMMON_BLOCKS = YES;
				GCC_WARN_64_TO_32_BIT_CONVERSION = YES;
				GCC_WARN_ABOUT_RETURN_TYPE = YES_ERROR;
				GCC_WARN_UNDECLARED_SELECTOR = YES;
				GCC_WARN_UNINITIALIZED_AUTOS = YES_AGGRESSIVE;
				GCC_WARN_UNUSED_FUNCTION = YES;
				GCC_WARN_UNUSED_VARIABLE = YES;
				IPHONEOS_DEPLOYMENT_TARGET = 11.0;
				LD_RUNPATH_SEARCH_PATHS = (
					/usr/lib/swift,
					"$(inherited)",
				);
				LIBRARY_SEARCH_PATHS = (
					"\"$(SDKROOT)/usr/lib/swift\"",
					"\"$(TOOLCHAIN_DIR)/usr/lib/swift/$(PLATFORM_NAME)\"",
					"\"$(inherited)\"",
				);
				MTL_ENABLE_DEBUG_INFO = NO;
				OTHER_CPLUSPLUSFLAGS = (
					"$(OTHER_CFLAGS)",
					"-DFOLLY_NO_CONFIG",
					"-DFOLLY_MOBILE=1",
					"-DFOLLY_USE_LIBCPP=1",
				);
				SDKROOT = iphoneos;
				VALIDATE_PRODUCT = YES;
			};
			name = Release;
		};
/* End XCBuildConfiguration section */

/* Begin XCConfigurationList section */
		00E357021AD99517003FC87E /* Build configuration list for PBXNativeTarget "funtionAppTests" */ = {
			isa = XCConfigurationList;
			buildConfigurations = (
				00E356F61AD99517003FC87E /* Debug */,
				00E356F71AD99517003FC87E /* Release */,
			);
			defaultConfigurationIsVisible = 0;
			defaultConfigurationName = Release;
		};
		13B07F931A680F5B00A75B9A /* Build configuration list for PBXNativeTarget "funtionApp" */ = {
			isa = XCConfigurationList;
			buildConfigurations = (
				13B07F941A680F5B00A75B9A /* Debug */,
				13B07F951A680F5B00A75B9A /* Release */,
			);
			defaultConfigurationIsVisible = 0;
			defaultConfigurationName = Release;
		};
		83CBB9FA1A601CBA00E9B192 /* Build configuration list for PBXProject "funtionApp" */ = {
			isa = XCConfigurationList;
			buildConfigurations = (
				83CBBA201A601CBA00E9B192 /* Debug */,
				83CBBA211A601CBA00E9B192 /* Release */,
			);
			defaultConfigurationIsVisible = 0;
			defaultConfigurationName = Release;
		};
/* End XCConfigurationList section */
	};
	rootObject = 83CBB9F71A601CBA00E9B192 /* Project object */;
}
